github.com/BurntSushi/toml v0.3.1 h1:WXkYYl6Yr3qBf1K79EBnL4mak0OimBfB0XUf9Vl28OQ=
github.com/BurntSushi/toml v0.3.1/go.mod h1:xHWCNGjB5oqiDr8zfno3MHue2Ht5sIBksp03qcyfWMU=
github.com/dchest/uniuri v0.0.0-20160212164326-8902c56451e9 h1:74lLNRzvsdIlkTgfDSMuaPjBr4cf6k7pwQQANm/yLKU=
github.com/dchest/uniuri v0.0.0-20160212164326-8902c56451e9/go.mod h1:GgB8SF9nRG+GqaDtLcwJZsQFhcogVCJ79j4EdT0c2V4=
github.com/dustin/go-humanize v1.0.0 h1:VSnTsYCnlFHaM2/igO1h6X3HA71jcobQuxemgkq4zYo=
github.com/dustin/go-humanize v1.0.0/go.mod h1:HtrtbFcZ19U5GC7JDqmcUSB87Iq5E25KnS6fMYU6eOk=
github.com/kaiaverkvist/stick v0.0.0-20190127003206-4461dd033964 h1:8nmGaOXZY82KGQCr9LxT5ilxRHdfQprAvWmwq/Gl+dw=
github.com/kaiaverkvist/stick v0.0.0-20190127003206-4461dd033964/go.mod h1:VBMt+udc1RmnBj4ZTfTX/v60OCpVc8MUH+bdllCm3PY=
github.com/shopspring/decimal v0.0.0-20180709203117-cd690d0c9e24 h1:pntxY8Ary0t43dCZ5dqY4YTJCObLY1kIXl0uzMv+7DE=
github.com/shopspring/decimal v0.0.0-20180709203117-cd690d0c9e24/go.mod h1:M+9NzErvs504Cn4c5DxATwIqPbtswREoFCre64PpcG4=
github.com/yarf-framework/yarf v0.8.6 h1:MO13LhcnsdHc9C3biODuWtp/KqBxo3SLlAXGvj5i8Fc=
github.com/yarf-framework/yarf v0.8.6/go.mod h1:eJoi8jZ4fspk+5jrtzKEUan46ciyZYSHWDh425CuA+A=
